Microsoft Visual Studio Solution File, Format Version 12.00
# Visual Studio Version 17
VisualStudioVersion = 17.5.2.0
MinimumVisualStudioVersion = 10.0.40219.1
Project("{FAE04EC0-301F-11D3-BF4B-00C04F79EFBC}") = "TCP-UDP demo", "TCP-UDP demo.csproj", "{10F691E1-776D-23A2-6A49-5EE549C9F471}"
EndProject
Global
	GlobalSection(SolutionConfigurationPlatforms) = preSolution
		Debug|Any CPU = Debug|Any CPU
		Release|Any CPU = Release|Any CPU
	EndGlobalSection
	GlobalSection(ProjectConfigurationPlatforms) = postSolution
		{10F691E1-776D-23A2-6A49-5EE549C9F471}.Debug|Any CPU.ActiveCfg = Debug|Any CPU
		{10F691E1-776D-23A2-6A49-5EE549C9F471}.Debug|Any CPU.Build.0 = Debug|Any CPU
		{10F691E1-776D-23A2-6A49-5EE549C9F471}.Release|Any CPU.ActiveCfg = Release|Any CPU
		{10F691E1-776D-23A2-6A49-5EE549C9F471}.Release|Any CPU.Build.0 = Release|Any CPU
	EndGlobalSection
	GlobalSection(SolutionProperties) = preSolution
		HideSolutionNode = FALSE
	EndGlobalSection
	GlobalSection(ExtensibilityGlobals) = postSolution
		SolutionGuid = {3F0E5788-C954-497C-A14C-F9E5BF34DA92}
	EndGlobalSection
EndGlobal
